
Microsoft Visual Studio Solution File, Format Version 12.00
# Visual Studio Version 17
VisualStudioVersion = 17.4.33110.190
MinimumVisualStudioVersion = 10.0.40219.1
Project("{E24C65DC-7377-472B-9ABA-BC803B73C61A}") = "PortfolioV2", "PortfolioV2\", "{AE5683AF-AEA2-470F-958A-F12DD1E14A03}"
	ProjectSection(WebsiteProperties) = preProject
		TargetFrameworkMoniker = ".NETFramework,Version%3Dv4.8"
		Debug.AspNetCompiler.VirtualPath = "/localhost_51482"
		Debug.AspNetCompiler.PhysicalPath = "PortfolioV2\"
		Debug.AspNetCompiler.TargetPath = "PrecompiledWeb\localhost_51482\"
		Debug.AspNetCompiler.Updateable = "true"
		Debug.AspNetCompiler.ForceOverwrite = "true"
		Debug.AspNetCompiler.FixedNames = "false"
		Debug.AspNetCompiler.Debug = "True"
		Release.AspNetCompiler.VirtualPath = "/localhost_51482"
		Release.AspNetCompiler.PhysicalPath = "PortfolioV2\"
		Release.AspNetCompiler.TargetPath = "PrecompiledWeb\localhost_51482\"
		Release.AspNetCompiler.Updateable = "true"
		Release.AspNetCompiler.ForceOverwrite = "true"
		Release.AspNetCompiler.FixedNames = "false"
		Release.AspNetCompiler.Debug = "False"
		VWDPort = "51482"
		SlnRelativePath = "PortfolioV2\"
		DefaultWebSiteLanguage = "Visual Basic"
	EndProjectSection
EndProject
Global
	GlobalSection(SolutionConfigurationPlatforms) = preSolution
		Debug|Any CPU = Debug|Any CPU
	EndGlobalSection
	GlobalSection(ProjectConfigurationPlatforms) = postSolution
		{AE5683AF-AEA2-470F-958A-F12DD1E14A03}.Debug|Any CPU.ActiveCfg = Debug|Any CPU
		{AE5683AF-AEA2-470F-958A-F12DD1E14A03}.Debug|Any CPU.Build.0 = Debug|Any CPU
	EndGlobalSection
	GlobalSection(SolutionProperties) = preSolution
		HideSolutionNode = FALSE
	EndGlobalSection
	GlobalSection(ExtensibilityGlobals) = postSolution
		SolutionGuid = {6B4FA777-29FB-49C7-ADAC-94C67B0EA8FF}
	EndGlobalSection
EndGlobal
